
Microsoft Visual Studio Solution File, Format Version 12.00
# Visual Studio 15
VisualStudioVersion = 15.0.28307.421
MinimumVisualStudioVersion = 10.0.40219.1
Project("{8BC9CEB8-8B4A-11D0-8D11-00A0C91BC942}") = "LASLib", "LASLib.vcxproj", "{38F56FA8-1878-43CD-B11D-21B3EB7DF19B}"
EndProject
Project("{2150E333-8FDC-42A3-9474-1A3956D46DE8}") = "Tools", "Tools", "{AEC5B1C0-A215-4382-BE47-8DC02383EF80}"
EndProject
Project("{8BC9CEB8-8B4A-11D0-8D11-00A0C91BC942}") = "las2las", "las2las\las2las.vcxproj", "{476811BC-1899-4A65-B5F2-2F72B3AF463B}"
EndProject
Project("{8BC9CEB8-8B4A-11D0-8D11-00A0C91BC942}") = "las2txt", "las2txt\las2txt.vcxproj", "{E794CE63-AAAC-4C9B-86AA-385690003BC8}"
EndProject
Project("{8BC9CEB8-8B4A-11D0-8D11-00A0C91BC942}") = "lasdiff", "lasdiff\lasdiff.vcxproj", "{85383F8C-7690-4E5E-922A-C049BE9F594A}"
EndProject
Project("{8BC9CEB8-8B4A-11D0-8D11-00A0C91BC942}") = "lasindex", "lasindex\lasindex.vcxproj", "{33B6EFE5-04DC-4A30-8C67-F1E7D340FCAB}"
EndProject
Project("{8BC9CEB8-8B4A-11D0-8D11-00A0C91BC942}") = "txt2las", "txt2las\txt2las.vcxproj", "{DED6ED28-70E4-42C7-8C29-9BFA2B550252}"
EndProject
Project("{8BC9CEB8-8B4A-11D0-8D11-00A0C91BC942}") = "lasinfo", "lasinfo\lasinfo.vcxproj", "{A17B6399-1F94-4E54-8078-81C21E321A7E}"
EndProject
Project("{8BC9CEB8-8B4A-11D0-8D11-00A0C91BC942}") = "lasmerge", "lasmerge\lasmerge.vcxproj", "{F025F150-1D6E-42C5-B09D-AFAAA89DBD83}"
EndProject
Project("{8BC9CEB8-8B4A-11D0-8D11-00A0C91BC942}") = "lasprecision", "lasprecision\lasprecision.vcxproj", "{6E289467-CC7A-4152-A367-7651772FB68D}"
EndProject
Project("{8BC9CEB8-8B4A-11D0-8D11-00A0C91BC942}") = "laszip", "laszip\laszip.vcxproj", "{B06846E4-5FE2-48D2-9A46-012D6AF5853F}"
EndProject
Global
	GlobalSection(SolutionConfigurationPlatforms) = preSolution
		Debug|x64 = Debug|x64
		Debug|x86 = Debug|x86
		Release|x64 = Release|x64
		Release|x86 = Release|x86
	EndGlobalSection
	GlobalSection(ProjectConfigurationPlatforms) = postSolution
		{38F56FA8-1878-43CD-B11D-21B3EB7DF19B}.Debug|x64.ActiveCfg = Debug|x64
		{38F56FA8-1878-43CD-B11D-21B3EB7DF19B}.Debug|x64.Build.0 = Debug|x64
		{38F56FA8-1878-43CD-B11D-21B3EB7DF19B}.Debug|x86.ActiveCfg = Debug|Win32
		{38F56FA8-1878-43CD-B11D-21B3EB7DF19B}.Debug|x86.Build.0 = Debug|Win32
		{38F56FA8-1878-43CD-B11D-21B3EB7DF19B}.Release|x64.ActiveCfg = Release|x64
		{38F56FA8-1878-43CD-B11D-21B3EB7DF19B}.Release|x64.Build.0 = Release|x64
		{38F56FA8-1878-43CD-B11D-21B3EB7DF19B}.Release|x86.ActiveCfg = Release|Win32
		{38F56FA8-1878-43CD-B11D-21B3EB7DF19B}.Release|x86.Build.0 = Release|Win32
		{476811BC-1899-4A65-B5F2-2F72B3AF463B}.Debug|x64.ActiveCfg = Debug|x64
		{476811BC-1899-4A65-B5F2-2F72B3AF463B}.Debug|x64.Build.0 = Debug|x64
		{476811BC-1899-4A65-B5F2-2F72B3AF463B}.Debug|x86.ActiveCfg = Debug|Win32
		{476811BC-1899-4A65-B5F2-2F72B3AF463B}.Debug|x86.Build.0 = Debug|Win32
		{476811BC-1899-4A65-B5F2-2F72B3AF463B}.Release|x64.ActiveCfg = Release|x64
		{476811BC-1899-4A65-B5F2-2F72B3AF463B}.Release|x64.Build.0 = Release|x64
		{476811BC-1899-4A65-B5F2-2F72B3AF463B}.Release|x86.ActiveCfg = Release|Win32
		{476811BC-1899-4A65-B5F2-2F72B3AF463B}.Release|x86.Build.0 = Release|Win32
		{E794CE63-AAAC-4C9B-86AA-385690003BC8}.Debug|x64.ActiveCfg = Debug|x64
		{E794CE63-AAAC-4C9B-86AA-385690003BC8}.Debug|x64.Build.0 = Debug|x64
		{E794CE63-AAAC-4C9B-86AA-385690003BC8}.Debug|x86.ActiveCfg = Debug|Win32
		{E794CE63-AAAC-4C9B-86AA-385690003BC8}.Debug|x86.Build.0 = Debug|Win32
		{E794CE63-AAAC-4C9B-86AA-385690003BC8}.Release|x64.ActiveCfg = Release|x64
		{E794CE63-AAAC-4C9B-86AA-385690003BC8}.Release|x64.Build.0 = Release|x64
		{E794CE63-AAAC-4C9B-86AA-385690003BC8}.Release|x86.ActiveCfg = Release|Win32
		{E794CE63-AAAC-4C9B-86AA-385690003BC8}.Release|x86.Build.0 = Release|Win32
		{85383F8C-7690-4E5E-922A-C049BE9F594A}.Debug|x64.ActiveCfg = Debug|x64
		{85383F8C-7690-4E5E-922A-C049BE9F594A}.Debug|x64.Build.0 = Debug|x64
		{85383F8C-7690-4E5E-922A-C049BE9F594A}.Debug|x86.ActiveCfg = Debug|Win32
		{85383F8C-7690-4E5E-922A-C049BE9F594A}.Debug|x86.Build.0 = Debug|Win32
		{85383F8C-7690-4E5E-922A-C049BE9F594A}.Release|x64.ActiveCfg = Release|x64
		{85383F8C-7690-4E5E-922A-C049BE9F594A}.Release|x64.Build.0 = Release|x64
		{85383F8C-7690-4E5E-922A-C049BE9F594A}.Release|x86.ActiveCfg = Release|Win32
		{85383F8C-7690-4E5E-922A-C049BE9F594A}.Release|x86.Build.0 = Release|Win32
		{33B6EFE5-04DC-4A30-8C67-F1E7D340FCAB}.Debug|x64.ActiveCfg = Debug|x64
		{33B6EFE5-04DC-4A30-8C67-F1E7D340FCAB}.Debug|x64.Build.0 = Debug|x64
		{33B6EFE5-04DC-4A30-8C67-F1E7D340FCAB}.Debug|x86.ActiveCfg = Debug|Win32
		{33B6EFE5-04DC-4A30-8C67-F1E7D340FCAB}.Debug|x86.Build.0 = Debug|Win32
		{33B6EFE5-04DC-4A30-8C67-F1E7D340FCAB}.Release|x64.ActiveCfg = Release|x64
		{33B6EFE5-04DC-4A30-8C67-F1E7D340FCAB}.Release|x64.Build.0 = Release|x64
		{33B6EFE5-04DC-4A30-8C67-F1E7D340FCAB}.Release|x86.ActiveCfg = Release|Win32
		{33B6EFE5-04DC-4A30-8C67-F1E7D340FCAB}.Release|x86.Build.0 = Release|Win32
		{DED6ED28-70E4-42C7-8C29-9BFA2B550252}.Debug|x64.ActiveCfg = Debug|x64
		{DED6ED28-70E4-42C7-8C29-9BFA2B550252}.Debug|x64.Build.0 = Debug|x64
		{DED6ED28-70E4-42C7-8C29-9BFA2B550252}.Debug|x86.ActiveCfg = Debug|Win32
		{DED6ED28-70E4-42C7-8C29-9BFA2B550252}.Debug|x86.Build.0 = Debug|Win32
		{DED6ED28-70E4-42C7-8C29-9BFA2B550252}.Release|x64.ActiveCfg = Release|x64
		{DED6ED28-70E4-42C7-8C29-9BFA2B550252}.Release|x64.Build.0 = Release|x64
		{DED6ED28-70E4-42C7-8C29-9BFA2B550252}.Release|x86.ActiveCfg = Release|Win32
		{DED6ED28-70E4-42C7-8C29-9BFA2B550252}.Release|x86.Build.0 = Release|Win32
		{A17B6399-1F94-4E54-8078-81C21E321A7E}.Debug|x64.ActiveCfg = Debug|x64
		{A17B6399-1F94-4E54-8078-81C21E321A7E}.Debug|x64.Build.0 = Debug|x64
		{A17B6399-1F94-4E54-8078-81C21E321A7E}.Debug|x86.ActiveCfg = Debug|Win32
		{A17B6399-1F94-4E54-8078-81C21E321A7E}.Debug|x86.Build.0 = Debug|Win32
		{A17B6399-1F94-4E54-8078-81C21E321A7E}.Release|x64.ActiveCfg = Release|x64
		{A17B6399-1F94-4E54-8078-81C21E321A7E}.Release|x64.Build.0 = Release|x64
		{A17B6399-1F94-4E54-8078-81C21E321A7E}.Release|x86.ActiveCfg = Release|Win32
		{A17B6399-1F94-4E54-8078-81C21E321A7E}.Release|x86.Build.0 = Release|Win32
		{F025F150-1D6E-42C5-B09D-AFAAA89DBD83}.Debug|x64.ActiveCfg = Debug|x64
		{F025F150-1D6E-42C5-B09D-AFAAA89DBD83}.Debug|x64.Build.0 = Debug|x64
		{F025F150-1D6E-42C5-B09D-AFAAA89DBD83}.Debug|x86.ActiveCfg = Debug|Win32
		{F025F150-1D6E-42C5-B09D-AFAAA89DBD83}.Debug|x86.Build.0 = Debug|Win32
		{F025F150-1D6E-42C5-B09D-AFAAA89DBD83}.Release|x64.ActiveCfg = Release|x64
		{F025F150-1D6E-42C5-B09D-AFAAA89DBD83}.Release|x64.Build.0 = Release|x64
		{F025F150-1D6E-42C5-B09D-AFAAA89DBD83}.Release|x86.ActiveCfg = Release|Win32
		{F025F150-1D6E-42C5-B09D-AFAAA89DBD83}.Release|x86.Build.0 = Release|Win32
		{6E289467-CC7A-4152-A367-7651772FB68D}.Debug|x64.ActiveCfg = Debug|x64
		{6E289467-CC7A-4152-A367-7651772FB68D}.Debug|x64.Build.0 = Debug|x64
		{6E289467-CC7A-4152-A367-7651772FB68D}.Debug|x86.ActiveCfg = Debug|Win32
		{6E289467-CC7A-4152-A367-7651772FB68D}.Debug|x86.Build.0 = Debug|Win32
		{6E289467-CC7A-4152-A367-7651772FB68D}.Release|x64.ActiveCfg = Release|x64
		{6E289467-CC7A-4152-A367-7651772FB68D}.Release|x64.Build.0 = Release|x64
		{6E289467-CC7A-4152-A367-7651772FB68D}.Release|x86.ActiveCfg = Release|Win32
		{6E289467-CC7A-4152-A367-7651772FB68D}.Release|x86.Build.0 = Release|Win32
		{B06846E4-5FE2-48D2-9A46-012D6AF5853F}.Debug|x64.ActiveCfg = Debug|x64
		{B06846E4-5FE2-48D2-9A46-012D6AF5853F}.Debug|x64.Build.0 = Debug|x64
		{B06846E4-5FE2-48D2-9A46-012D6AF5853F}.Debug|x86.ActiveCfg = Debug|Win32
		{B06846E4-5FE2-48D2-9A46-012D6AF5853F}.Debug|x86.Build.0 = Debug|Win32
		{B06846E4-5FE2-48D2-9A46-012D6AF5853F}.Release|x64.ActiveCfg = Release|x64
		{B06846E4-5FE2-48D2-9A46-012D6AF5853F}.Release|x64.Build.0 = Release|x64
		{B06846E4-5FE2-48D2-9A46-012D6AF5853F}.Release|x86.ActiveCfg = Release|Win32
		{B06846E4-5FE2-48D2-9A46-012D6AF5853F}.Release|x86.Build.0 = Release|Win32
	EndGlobalSection
	GlobalSection(SolutionProperties) = preSolution
		HideSolutionNode = FALSE
	EndGlobalSection
	GlobalSection(NestedProjects) = preSolution
		{476811BC-1899-4A65-B5F2-2F72B3AF463B} = {AEC5B1C0-A215-4382-BE47-8DC02383EF80}
		{E794CE63-AAAC-4C9B-86AA-385690003BC8} = {AEC5B1C0-A215-4382-BE47-8DC02383EF80}
		{85383F8C-7690-4E5E-922A-C049BE9F594A} = {AEC5B1C0-A215-4382-BE47-8DC02383EF80}
		{33B6EFE5-04DC-4A30-8C67-F1E7D340FCAB} = {AEC5B1C0-A215-4382-BE47-8DC02383EF80}
		{DED6ED28-70E4-42C7-8C29-9BFA2B550252} = {AEC5B1C0-A215-4382-BE47-8DC02383EF80}
		{A17B6399-1F94-4E54-8078-81C21E321A7E} = {AEC5B1C0-A215-4382-BE47-8DC02383EF80}
		{F025F150-1D6E-42C5-B09D-AFAAA89DBD83} = {AEC5B1C0-A215-4382-BE47-8DC02383EF80}
		{6E289467-CC7A-4152-A367-7651772FB68D} = {AEC5B1C0-A215-4382-BE47-8DC02383EF80}
		{B06846E4-5FE2-48D2-9A46-012D6AF5853F} = {AEC5B1C0-A215-4382-BE47-8DC02383EF80}
	EndGlobalSection
	GlobalSection(ExtensibilityGlobals) = postSolution
		SolutionGuid = {316CA32E-C376-4712-9A9B-B42D8DD87BAC}
	EndGlobalSection
EndGlobal
